
Microsoft Visual Studio Solution File, Format Version 12.00
# Visual Studio 15
VisualStudioVersion = 15.0.28307.852
MinimumVisualStudioVersion = 10.0.40219.1
Project("{9A19103F-16F7-4668-BE54-9A1E7A4F7556}") = "CoreWebAngular8", "CoreWebApp\CoreWebAngular8.csproj", "{9239059C-9FB6-4C20-87C8-55812EC3ABE6}"
EndProject
Project("{9A19103F-16F7-4668-BE54-9A1E7A4F7556}") = "CoreBusinessLogic", "CoreBusinessLogic\CoreBusinessLogic.csproj", "{0574E368-226A-4C49-943F-6E127AD2F210}"
EndProject
Project("{9A19103F-16F7-4668-BE54-9A1E7A4F7556}") = "CoreDataLayer", "CoreDataLayer\CoreDataLayer.csproj", "{63F1FDF0-FB96-4EA0-A20C-27B5D767ACE4}"
EndProject
Project("{9A19103F-16F7-4668-BE54-9A1E7A4F7556}") = "CoreWebAppRazor", "CoreWebAppRazor\CoreWebAppRazor.csproj", "{96911D43-2F75-4246-B618-3646E99ED5E4}"
EndProject
Project("{9A19103F-16F7-4668-BE54-9A1E7A4F7556}") = "Models", "Models\Models.csproj", "{5C81F9E6-9765-40E5-AB5D-3A00B144E675}"
EndProject
Project("{9A19103F-16F7-4668-BE54-9A1E7A4F7556}") = "CoreWebAPIServices", "CoreWebAPIServices\CoreWebAPIServices.csproj", "{FBBA55F7-1BF5-42BC-920B-8F525C3A7B0C}"
EndProject
Project("{9A19103F-16F7-4668-BE54-9A1E7A4F7556}") = "Configuration", "Configuration\Configuration.csproj", "{B737B520-2FE2-4E8D-B59E-1DFFF125BBEF}"
EndProject
Project("{FAE04EC0-301F-11D3-BF4B-00C04F79EFBC}") = "UploadServer", "UploadServer\UploadServer.csproj", "{5891A83F-8E6B-4D10-8203-E56E86B92260}"
EndProject
Global
	GlobalSection(SolutionConfigurationPlatforms) = preSolution
		Debug|Any CPU = Debug|Any CPU
		Release|Any CPU = Release|Any CPU
	EndGlobalSection
	GlobalSection(ProjectConfigurationPlatforms) = postSolution
		{9239059C-9FB6-4C20-87C8-55812EC3ABE6}.Debug|Any CPU.ActiveCfg = Debug|Any CPU
		{9239059C-9FB6-4C20-87C8-55812EC3ABE6}.Debug|Any CPU.Build.0 = Debug|Any CPU
		{9239059C-9FB6-4C20-87C8-55812EC3ABE6}.Release|Any CPU.ActiveCfg = Release|Any CPU
		{9239059C-9FB6-4C20-87C8-55812EC3ABE6}.Release|Any CPU.Build.0 = Release|Any CPU
		{0574E368-226A-4C49-943F-6E127AD2F210}.Debug|Any CPU.ActiveCfg = Debug|Any CPU
		{0574E368-226A-4C49-943F-6E127AD2F210}.Debug|Any CPU.Build.0 = Debug|Any CPU
		{0574E368-226A-4C49-943F-6E127AD2F210}.Release|Any CPU.ActiveCfg = Release|Any CPU
		{0574E368-226A-4C49-943F-6E127AD2F210}.Release|Any CPU.Build.0 = Release|Any CPU
		{63F1FDF0-FB96-4EA0-A20C-27B5D767ACE4}.Debug|Any CPU.ActiveCfg = Debug|Any CPU
		{63F1FDF0-FB96-4EA0-A20C-27B5D767ACE4}.Debug|Any CPU.Build.0 = Debug|Any CPU
		{63F1FDF0-FB96-4EA0-A20C-27B5D767ACE4}.Release|Any CPU.ActiveCfg = Release|Any CPU
		{63F1FDF0-FB96-4EA0-A20C-27B5D767ACE4}.Release|Any CPU.Build.0 = Release|Any CPU
		{96911D43-2F75-4246-B618-3646E99ED5E4}.Debug|Any CPU.ActiveCfg = Debug|Any CPU
		{96911D43-2F75-4246-B618-3646E99ED5E4}.Debug|Any CPU.Build.0 = Debug|Any CPU
		{96911D43-2F75-4246-B618-3646E99ED5E4}.Release|Any CPU.ActiveCfg = Release|Any CPU
		{96911D43-2F75-4246-B618-3646E99ED5E4}.Release|Any CPU.Build.0 = Release|Any CPU
		{5C81F9E6-9765-40E5-AB5D-3A00B144E675}.Debug|Any CPU.ActiveCfg = Debug|Any CPU
		{5C81F9E6-9765-40E5-AB5D-3A00B144E675}.Debug|Any CPU.Build.0 = Debug|Any CPU
		{5C81F9E6-9765-40E5-AB5D-3A00B144E675}.Release|Any CPU.ActiveCfg = Release|Any CPU
		{5C81F9E6-9765-40E5-AB5D-3A00B144E675}.Release|Any CPU.Build.0 = Release|Any CPU
		{FBBA55F7-1BF5-42BC-920B-8F525C3A7B0C}.Debug|Any CPU.ActiveCfg = Debug|Any CPU
		{FBBA55F7-1BF5-42BC-920B-8F525C3A7B0C}.Debug|Any CPU.Build.0 = Debug|Any CPU
		{FBBA55F7-1BF5-42BC-920B-8F525C3A7B0C}.Release|Any CPU.ActiveCfg = Release|Any CPU
		{FBBA55F7-1BF5-42BC-920B-8F525C3A7B0C}.Release|Any CPU.Build.0 = Release|Any CPU
		{B737B520-2FE2-4E8D-B59E-1DFFF125BBEF}.Debug|Any CPU.ActiveCfg = Debug|Any CPU
		{B737B520-2FE2-4E8D-B59E-1DFFF125BBEF}.Debug|Any CPU.Build.0 = Debug|Any CPU
		{B737B520-2FE2-4E8D-B59E-1DFFF125BBEF}.Release|Any CPU.ActiveCfg = Release|Any CPU
		{B737B520-2FE2-4E8D-B59E-1DFFF125BBEF}.Release|Any CPU.Build.0 = Release|Any CPU
		{5891A83F-8E6B-4D10-8203-E56E86B92260}.Debug|Any CPU.ActiveCfg = Debug|Any CPU
		{5891A83F-8E6B-4D10-8203-E56E86B92260}.Debug|Any CPU.Build.0 = Debug|Any CPU
		{5891A83F-8E6B-4D10-8203-E56E86B92260}.Release|Any CPU.ActiveCfg = Release|Any CPU
		{5891A83F-8E6B-4D10-8203-E56E86B92260}.Release|Any CPU.Build.0 = Release|Any CPU
	EndGlobalSection
	GlobalSection(SolutionProperties) = preSolution
		HideSolutionNode = FALSE
	EndGlobalSection
	GlobalSection(ExtensibilityGlobals) = postSolution
		SolutionGuid = {21C34DFE-1938-4F74-AA39-E527B52FB3F3}
	EndGlobalSection
EndGlobal
